<?xml version="1.0" encoding="utf-8"?>
<Project ToolsVersion="4.0" xmlns="http://schemas.microsoft.com/developer/msbuild/2003">
  <ItemGroup>
    <ClCompile Include="Camera.cpp">
      <Filter>Sources</Filter>
    </ClCompile>
    <ClCompile Include="Controllable.cpp">
      <Filter>Sources</Filter>
    </ClCompile>
    <ClCompile Include="Controller.cpp">
      <Filter>Sources</Filter>
    </ClCompile>
    <ClCompile Include="EventObserver.cpp">
      <Filter>Sources</Filter>
    </ClCompile>
    <ClCompile Include="FontLibrary.cpp">
      <Filter>Sources</Filter>
    </ClCompile>
    <ClCompile Include="Level.cpp">
      <Filter>Sources</Filter>
    </ClCompile>
    <ClCompile Include="main.cpp">
      <Filter>Sources</Filter>
    </ClCompile>
    <ClCompile Include="Player.cpp">
      <Filter>Sources</Filter>
    </ClCompile>
    <ClCompile Include="Renderable.cpp">
      <Filter>Sources</Filter>
    </ClCompile>
    <ClCompile Include="Renderer.cpp">
      <Filter>Sources</Filter>
    </ClCompile>
    <ClCompile Include="Simulatable.cpp">
      <Filter>Sources</Filter>
    </ClCompile>
    <ClCompile Include="Simulater.cpp">
      <Filter>Sources</Filter>
    </ClCompile>
    <ClCompile Include="TestObject.cpp">
      <Filter>Sources</Filter>
    </ClCompile>
    <ClCompile Include="TextRecipe.cpp">
      <Filter>Sources</Filter>
    </ClCompile>
    <ClCompile Include="Tile.cpp">
      <Filter>Sources</Filter>
    </ClCompile>
    <ClCompile Include="BackgroundLayer.cpp">
      <Filter>Sources</Filter>
    </ClCompile>
  </ItemGroup>
  <ItemGroup>
    <ClInclude Include="packages\SFML\include\SFML\Audio.hpp" />
    <ClInclude Include="packages\SFML\include\SFML\Audio\AudioResource.hpp" />
    <ClInclude Include="packages\SFML\include\SFML\Audio\Export.hpp" />
    <ClInclude Include="packages\SFML\include\SFML\Audio\InputSoundFile.hpp" />
    <ClInclude Include="packages\SFML\include\SFML\Audio\Listener.hpp" />
    <ClInclude Include="packages\SFML\include\SFML\Audio\Music.hpp" />
    <ClInclude Include="packages\SFML\include\SFML\Audio\OutputSoundFile.hpp" />
    <ClInclude Include="packages\SFML\include\SFML\Audio\PlaybackDevice.hpp" />
    <ClInclude Include="packages\SFML\include\SFML\Audio\Sound.hpp" />
    <ClInclude Include="packages\SFML\include\SFML\Audio\SoundBuffer.hpp" />
    <ClInclude Include="packages\SFML\include\SFML\Audio\SoundBufferRecorder.hpp" />
    <ClInclude Include="packages\SFML\include\SFML\Audio\SoundChannel.hpp" />
    <ClInclude Include="packages\SFML\include\SFML\Audio\SoundFileFactory.hpp" />
    <ClInclude Include="packages\SFML\include\SFML\Audio\SoundFileReader.hpp" />
    <ClInclude Include="packages\SFML\include\SFML\Audio\SoundFileWriter.hpp" />
    <ClInclude Include="packages\SFML\include\SFML\Audio\SoundRecorder.hpp" />
    <ClInclude Include="packages\SFML\include\SFML\Audio\SoundSource.hpp" />
    <ClInclude Include="packages\SFML\include\SFML\Audio\SoundStream.hpp" />
    <ClInclude Include="packages\SFML\include\SFML\Config.hpp" />
    <ClInclude Include="packages\SFML\include\SFML\GpuPreference.hpp" />
    <ClInclude Include="packages\SFML\include\SFML\Graphics.hpp" />
    <ClInclude Include="packages\SFML\include\SFML\Graphics\BlendMode.hpp" />
    <ClInclude Include="packages\SFML\include\SFML\Graphics\CircleShape.hpp" />
    <ClInclude Include="packages\SFML\include\SFML\Graphics\Color.hpp" />
    <ClInclude Include="packages\SFML\include\SFML\Graphics\ConvexShape.hpp" />
    <ClInclude Include="packages\SFML\include\SFML\Graphics\CoordinateType.hpp" />
    <ClInclude Include="packages\SFML\include\SFML\Graphics\Drawable.hpp" />
    <ClInclude Include="packages\SFML\include\SFML\Graphics\Export.hpp" />
    <ClInclude Include="packages\SFML\include\SFML\Graphics\Font.hpp" />
    <ClInclude Include="packages\SFML\include\SFML\Graphics\Glsl.hpp" />
    <ClInclude Include="packages\SFML\include\SFML\Graphics\Glyph.hpp" />
    <ClInclude Include="packages\SFML\include\SFML\Graphics\Image.hpp" />
    <ClInclude Include="packages\SFML\include\SFML\Graphics\PrimitiveType.hpp" />
    <ClInclude Include="packages\SFML\include\SFML\Graphics\Rect.hpp" />
    <ClInclude Include="packages\SFML\include\SFML\Graphics\RectangleShape.hpp" />
    <ClInclude Include="packages\SFML\include\SFML\Graphics\RenderStates.hpp" />
    <ClInclude Include="packages\SFML\include\SFML\Graphics\RenderTarget.hpp" />
    <ClInclude Include="packages\SFML\include\SFML\Graphics\RenderTexture.hpp" />
    <ClInclude Include="packages\SFML\include\SFML\Graphics\RenderWindow.hpp" />
    <ClInclude Include="packages\SFML\include\SFML\Graphics\Shader.hpp" />
    <ClInclude Include="packages\SFML\include\SFML\Graphics\Shape.hpp" />
    <ClInclude Include="packages\SFML\include\SFML\Graphics\Sprite.hpp" />
    <ClInclude Include="packages\SFML\include\SFML\Graphics\StencilMode.hpp" />
    <ClInclude Include="packages\SFML\include\SFML\Graphics\Text.hpp" />
    <ClInclude Include="packages\SFML\include\SFML\Graphics\Texture.hpp" />
    <ClInclude Include="packages\SFML\include\SFML\Graphics\Transform.hpp" />
    <ClInclude Include="packages\SFML\include\SFML\Graphics\Transformable.hpp" />
    <ClInclude Include="packages\SFML\include\SFML\Graphics\Vertex.hpp" />
    <ClInclude Include="packages\SFML\include\SFML\Graphics\VertexArray.hpp" />
    <ClInclude Include="packages\SFML\include\SFML\Graphics\VertexBuffer.hpp" />
    <ClInclude Include="packages\SFML\include\SFML\Graphics\View.hpp" />
    <ClInclude Include="packages\SFML\include\SFML\Main.hpp" />
    <ClInclude Include="packages\SFML\include\SFML\Network.hpp" />
    <ClInclude Include="packages\SFML\include\SFML\Network\Export.hpp" />
    <ClInclude Include="packages\SFML\include\SFML\Network\Ftp.hpp" />
    <ClInclude Include="packages\SFML\include\SFML\Network\Http.hpp" />
    <ClInclude Include="packages\SFML\include\SFML\Network\IpAddress.hpp" />
    <ClInclude Include="packages\SFML\include\SFML\Network\Packet.hpp" />
    <ClInclude Include="packages\SFML\include\SFML\Network\Socket.hpp" />
    <ClInclude Include="packages\SFML\include\SFML\Network\SocketHandle.hpp" />
    <ClInclude Include="packages\SFML\include\SFML\Network\SocketSelector.hpp" />
    <ClInclude Include="packages\SFML\include\SFML\Network\TcpListener.hpp" />
    <ClInclude Include="packages\SFML\include\SFML\Network\TcpSocket.hpp" />
    <ClInclude Include="packages\SFML\include\SFML\Network\UdpSocket.hpp" />
    <ClInclude Include="packages\SFML\include\SFML\OpenGL.hpp" />
    <ClInclude Include="packages\SFML\include\SFML\System.hpp" />
    <ClInclude Include="packages\SFML\include\SFML\System\Angle.hpp" />
    <ClInclude Include="packages\SFML\include\SFML\System\Clock.hpp" />
    <ClInclude Include="packages\SFML\include\SFML\System\Err.hpp" />
    <ClInclude Include="packages\SFML\include\SFML\System\Exception.hpp" />
    <ClInclude Include="packages\SFML\include\SFML\System\Export.hpp" />
    <ClInclude Include="packages\SFML\include\SFML\System\FileInputStream.hpp" />
    <ClInclude Include="packages\SFML\include\SFML\System\InputStream.hpp" />
    <ClInclude Include="packages\SFML\include\SFML\System\MemoryInputStream.hpp" />
    <ClInclude Include="packages\SFML\include\SFML\System\NativeActivity.hpp" />
    <ClInclude Include="packages\SFML\include\SFML\System\Sleep.hpp" />
    <ClInclude Include="packages\SFML\include\SFML\System\String.hpp" />
    <ClInclude Include="packages\SFML\include\SFML\System\SuspendAwareClock.hpp" />
    <ClInclude Include="packages\SFML\include\SFML\System\Time.hpp" />
    <ClInclude Include="packages\SFML\include\SFML\System\Utf.hpp" />
    <ClInclude Include="packages\SFML\include\SFML\System\Vector2.hpp" />
    <ClInclude Include="packages\SFML\include\SFML\System\Vector3.hpp" />
    <ClInclude Include="packages\SFML\include\SFML\Window.hpp" />
    <ClInclude Include="packages\SFML\include\SFML\Window\Clipboard.hpp" />
    <ClInclude Include="packages\SFML\include\SFML\Window\Context.hpp" />
    <ClInclude Include="packages\SFML\include\SFML\Window\ContextSettings.hpp" />
    <ClInclude Include="packages\SFML\include\SFML\Window\Cursor.hpp" />
    <ClInclude Include="packages\SFML\include\SFML\Window\Event.hpp" />
    <ClInclude Include="packages\SFML\include\SFML\Window\Export.hpp" />
    <ClInclude Include="packages\SFML\include\SFML\Window\GlResource.hpp" />
    <ClInclude Include="packages\SFML\include\SFML\Window\Joystick.hpp" />
    <ClInclude Include="packages\SFML\include\SFML\Window\Keyboard.hpp" />
    <ClInclude Include="packages\SFML\include\SFML\Window\Mouse.hpp" />
    <ClInclude Include="packages\SFML\include\SFML\Window\Sensor.hpp" />
    <ClInclude Include="packages\SFML\include\SFML\Window\Touch.hpp" />
    <ClInclude Include="packages\SFML\include\SFML\Window\VideoMode.hpp" />
    <ClInclude Include="packages\SFML\include\SFML\Window\Vulkan.hpp" />
    <ClInclude Include="packages\SFML\include\SFML\Window\Window.hpp" />
    <ClInclude Include="packages\SFML\include\SFML\Window\WindowBase.hpp" />
    <ClInclude Include="packages\SFML\include\SFML\Window\WindowEnums.hpp" />
    <ClInclude Include="packages\SFML\include\SFML\Window\WindowHandle.hpp" />
    <ClInclude Include="resource.h" />
    <ClInclude Include="Camera.h">
      <Filter>Headers</Filter>
    </ClInclude>
    <ClInclude Include="Controllable.h">
      <Filter>Headers</Filter>
    </ClInclude>
    <ClInclude Include="Controller.h">
      <Filter>Headers</Filter>
    </ClInclude>
    <ClInclude Include="EventObserver.h">
      <Filter>Headers</Filter>
    </ClInclude>
    <ClInclude Include="FontLibrary.h">
      <Filter>Headers</Filter>
    </ClInclude>
    <ClInclude Include="Level.h">
      <Filter>Headers</Filter>
    </ClInclude>
    <ClInclude Include="Player.h">
      <Filter>Headers</Filter>
    </ClInclude>
    <ClInclude Include="Renderable.h">
      <Filter>Headers</Filter>
    </ClInclude>
    <ClInclude Include="Renderer.h">
      <Filter>Headers</Filter>
    </ClInclude>
    <ClInclude Include="Simulatable.h">
      <Filter>Headers</Filter>
    </ClInclude>
    <ClInclude Include="Simulater.h">
      <Filter>Headers</Filter>
    </ClInclude>
    <ClInclude Include="TestObject.h">
      <Filter>Headers</Filter>
    </ClInclude>
    <ClInclude Include="TextRecipe.h">
      <Filter>Headers</Filter>
    </ClInclude>
    <ClInclude Include="Tile.h">
      <Filter>Headers</Filter>
    </ClInclude>
    <ClInclude Include="BackgroundLayer.h">
      <Filter>Headers</Filter>
    </ClInclude>
  </ItemGroup>
  <ItemGroup>
    <ResourceCompile Include="MissionSquark.rc" />
  </ItemGroup>
  <ItemGroup>
    <Image Include="Block_1_BC.png">
      <Filter>Resources</Filter>
    </Image>
    <Image Include="Block_1_BL.png">
      <Filter>Resources</Filter>
    </Image>
    <Image Include="Block_1_BR.png">
      <Filter>Resources</Filter>
    </Image>
    <Image Include="Block_1_MC.png">
      <Filter>Resources</Filter>
    </Image>
    <Image Include="Block_1_ML.png">
      <Filter>Resources</Filter>
    </Image>
    <Image Include="Block_1_MR.png">
      <Filter>Resources</Filter>
    </Image>
    <Image Include="Block_1_TC.png">
      <Filter>Resources</Filter>
    </Image>
    <Image Include="Block_1_TL.png">
      <Filter>Resources</Filter>
    </Image>
    <Image Include="Block_1_TR.png">
      <Filter>Resources</Filter>
    </Image>
    <Image Include="BG_ground.png">
      <Filter>Resources</Filter>
    </Image>
    <Image Include="BG_sky.png">
      <Filter>Resources</Filter>
    </Image>
    <Image Include="Item_Balloon.png">
      <Filter>Resources</Filter>
    </Image>
    <Image Include="BG_triangle.png">
      <Filter>Resources</Filter>
    </Image>
    <Image Include="Block_2_BC.png">
      <Filter>Resources</Filter>
    </Image>
    <Image Include="Block_2_BL.png">
      <Filter>Resources</Filter>
    </Image>
    <Image Include="Block_2_BR.png">
      <Filter>Resources</Filter>
    </Image>
    <Image Include="Block_2_MC.png">
      <Filter>Resources</Filter>
    </Image>
    <Image Include="Block_2_ML.png">
      <Filter>Resources</Filter>
    </Image>
    <Image Include="Block_2_MR.png">
      <Filter>Resources</Filter>
    </Image>
    <Image Include="Block_2_TC.png">
      <Filter>Resources</Filter>
    </Image>
    <Image Include="Block_2_TL.png">
      <Filter>Resources</Filter>
    </Image>
    <Image Include="Block_2_TR.png">
      <Filter>Resources</Filter>
    </Image>
    <Image Include="Block_LandingPad.png">
      <Filter>Resources</Filter>
    </Image>
    <Image Include="Block_LandingSupport.png">
      <Filter>Resources</Filter>
    </Image>
    <Image Include="Plr_High.png">
      <Filter>Resources</Filter>
    </Image>
    <Image Include="Plr_Low.png">
      <Filter>Resources</Filter>
    </Image>
    <Image Include="Plr_Mid.png">
      <Filter>Resources</Filter>
    </Image>
    <Image Include="Plr_ReallyHigh.png">
      <Filter>Resources</Filter>
    </Image>
    <Image Include="Plr_ReallyLow.png">
      <Filter>Resources</Filter>
    </Image>
  </ItemGroup>
  <ItemGroup>
    <None Include="packages\SFML\include\SFML\Audio\SoundFileFactory.inl" />
    <None Include="packages\SFML\include\SFML\Graphics\Color.inl" />
    <None Include="packages\SFML\include\SFML\Graphics\Glsl.inl" />
    <None Include="packages\SFML\include\SFML\Graphics\Rect.inl" />
    <None Include="packages\SFML\include\SFML\Graphics\Transform.inl" />
    <None Include="packages\SFML\include\SFML\System\Angle.inl" />
    <None Include="packages\SFML\include\SFML\System\String.inl" />
    <None Include="packages\SFML\include\SFML\System\Time.inl" />
    <None Include="packages\SFML\include\SFML\System\Utf.inl" />
    <None Include="packages\SFML\include\SFML\System\Vector2.inl" />
    <None Include="packages\SFML\include\SFML\System\Vector3.inl" />
    <None Include="packages\SFML\include\SFML\Window\Event.inl" />
    <None Include="packages\SFML\include\SFML\Window\WindowBase.inl" />
  </ItemGroup>
  <ItemGroup>
    <Filter Include="Headers">
      <UniqueIdentifier>{f4e451a1-a162-446a-bc78-0c5d31c76ae0}</UniqueIdentifier>
    </Filter>
    <Filter Include="Resources">
      <UniqueIdentifier>{130f1c84-62f6-4502-bb55-4ac8d8d98941}</UniqueIdentifier>
    </Filter>
    <Filter Include="Sources">
      <UniqueIdentifier>{2aa59487-abda-4402-aee0-26568bc40a3d}</UniqueIdentifier>
    </Filter>
  </ItemGroup>
  <ItemGroup>
    <Font Include="Roboto.ttf">
      <Filter>Resources</Filter>
    </Font>
    <Font Include="Handjet.ttf">
      <Filter>Resources</Filter>
    </Font>
    <Font Include="Nabla.ttf">
      <Filter>Resources</Filter>
    </Font>
    <Font Include="Silkscreen.ttf">
      <Filter>Resources</Filter>
    </Font>
  </ItemGroup>
  <ItemGroup>
    <Media Include="MissionSquark_hit.wav">
      <Filter>Resources</Filter>
    </Media>
    <Media Include="MissionSquark_track.wav">
      <Filter>Resources</Filter>
    </Media>
    <Media Include="MissionSquark_wooshing.wav">
      <Filter>Resources</Filter>
    </Media>
  </ItemGroup>
</Project>